
Microsoft Visual Studio Solution File, Format Version 12.00
# Visual Studio Version 17
VisualStudioVersion = 17.5.33516.290
MinimumVisualStudioVersion = 10.0.40219.1
Project("{FAE04EC0-301F-11D3-BF4B-00C04F79EFBC}") = "Module35", "Module35.csproj", "{CA049FEC-833C-4976-A0FF-8D667F9B2FCD}"
EndProject
Global
	GlobalSection(SolutionConfigurationPlatforms) = preSolution
		Debug|Any CPU = Debug|Any CPU
		Release|Any CPU = Release|Any CPU
	EndGlobalSection
	GlobalSection(ProjectConfigurationPlatforms) = postSolution
		{CA049FEC-833C-4976-A0FF-8D667F9B2FCD}.Debug|Any CPU.ActiveCfg = Debug|Any CPU
		{CA049FEC-833C-4976-A0FF-8D667F9B2FCD}.Debug|Any CPU.Build.0 = Debug|Any CPU
		{CA049FEC-833C-4976-A0FF-8D667F9B2FCD}.Release|Any CPU.ActiveCfg = Release|Any CPU
		{CA049FEC-833C-4976-A0FF-8D667F9B2FCD}.Release|Any CPU.Build.0 = Release|Any CPU
	EndGlobalSection
	GlobalSection(SolutionProperties) = preSolution
		HideSolutionNode = FALSE
	EndGlobalSection
	GlobalSection(ExtensibilityGlobals) = postSolution
		SolutionGuid = {146CC466-78CF-4167-8EA4-F9D787740FF9}
	EndGlobalSection
EndGlobal
